
Microsoft Visual Studio Solution File, Format Version 12.00
# Visual Studio Version 16
VisualStudioVersion = 16.0.31129.286
MinimumVisualStudioVersion = 10.0.40219.1
Project("{888888A0-9F3D-457C-B088-3A5042F75D52}") = "WalkProject2", "WalkProject2\WalkProject2.pyproj", "{69CE57C0-A548-4491-92A9-5AD25E502CBE}"
EndProject
Global
	GlobalSection(SolutionConfigurationPlatforms) = preSolution
		Debug|Any CPU = Debug|Any CPU
		Release|Any CPU = Release|Any CPU
	EndGlobalSection
	GlobalSection(ProjectConfigurationPlatforms) = postSolution
		{69CE57C0-A548-4491-92A9-5AD25E502CBE}.Debug|Any CPU.ActiveCfg = Debug|Any CPU
		{69CE57C0-A548-4491-92A9-5AD25E502CBE}.Debug|Any CPU.Build.0 = Debug|Any CPU
		{69CE57C0-A548-4491-92A9-5AD25E502CBE}.Release|Any CPU.ActiveCfg = Release|Any CPU
		{69CE57C0-A548-4491-92A9-5AD25E502CBE}.Release|Any CPU.Build.0 = Release|Any CPU
	EndGlobalSection
	GlobalSection(SolutionProperties) = preSolution
		HideSolutionNode = FALSE
	EndGlobalSection
	GlobalSection(ExtensibilityGlobals) = postSolution
		SolutionGuid = {12E55A55-F940-4FC0-A303-4565502001DF}
	EndGlobalSection
EndGlobal
